
Microsoft Visual Studio Solution File, Format Version 12.00
# Visual Studio Version 16
VisualStudioVersion = 16.0.31702.278
MinimumVisualStudioVersion = 10.0.40219.1
Project("{9A19103F-16F7-4668-BE54-9A1E7A4F7556}") = "List", "List\List.csproj", "{3B5774B1-3341-4CD1-96E1-DDF7C9453ACD}"
EndProject
Project("{9A19103F-16F7-4668-BE54-9A1E7A4F7556}") = "List.Tests", "List.Tests\List.Tests.csproj", "{2046F469-0397-44BA-9B94-2E9A26FCAA7E}"
EndProject
Project("{9A19103F-16F7-4668-BE54-9A1E7A4F7556}") = "Ent", "Ent\Ent.csproj", "{2AB6962E-41C6-47CF-8311-AEB008399222}"
EndProject
Global
	GlobalSection(SolutionConfigurationPlatforms) = preSolution
		Debug|Any CPU = Debug|Any CPU
		Release|Any CPU = Release|Any CPU
	EndGlobalSection
	GlobalSection(ProjectConfigurationPlatforms) = postSolution
		{3B5774B1-3341-4CD1-96E1-DDF7C9453ACD}.Debug|Any CPU.ActiveCfg = Debug|Any CPU
		{3B5774B1-3341-4CD1-96E1-DDF7C9453ACD}.Debug|Any CPU.Build.0 = Debug|Any CPU
		{3B5774B1-3341-4CD1-96E1-DDF7C9453ACD}.Release|Any CPU.ActiveCfg = Release|Any CPU
		{3B5774B1-3341-4CD1-96E1-DDF7C9453ACD}.Release|Any CPU.Build.0 = Release|Any CPU
		{2046F469-0397-44BA-9B94-2E9A26FCAA7E}.Debug|Any CPU.ActiveCfg = Debug|Any CPU
		{2046F469-0397-44BA-9B94-2E9A26FCAA7E}.Debug|Any CPU.Build.0 = Debug|Any CPU
		{2046F469-0397-44BA-9B94-2E9A26FCAA7E}.Release|Any CPU.ActiveCfg = Release|Any CPU
		{2046F469-0397-44BA-9B94-2E9A26FCAA7E}.Release|Any CPU.Build.0 = Release|Any CPU
		{2AB6962E-41C6-47CF-8311-AEB008399222}.Debug|Any CPU.ActiveCfg = Debug|Any CPU
		{2AB6962E-41C6-47CF-8311-AEB008399222}.Debug|Any CPU.Build.0 = Debug|Any CPU
		{2AB6962E-41C6-47CF-8311-AEB008399222}.Release|Any CPU.ActiveCfg = Release|Any CPU
		{2AB6962E-41C6-47CF-8311-AEB008399222}.Release|Any CPU.Build.0 = Release|Any CPU
	EndGlobalSection
	GlobalSection(SolutionProperties) = preSolution
		HideSolutionNode = FALSE
	EndGlobalSection
	GlobalSection(ExtensibilityGlobals) = postSolution
		SolutionGuid = {2194E71C-63C4-4928-A081-CC2FCE65F5AD}
	EndGlobalSection
EndGlobal
